// !$*UTF8*$!
{
	archiveVersion = 1;
	classes = {
	};
	objectVersion = 56;
	objects = {

/* Begin PBXBuildFile section */
		E5224C422C8AB9CD00E205FD /* AppDelegate.swift in Sources */ = {isa = PBXBuildFile; fileRef = E5224C412C8AB9CD00E205FD /* AppDelegate.swift */; };
		E5224C4B2C8AB9CE00E205FD /* Assets.xcassets in Resources */ = {isa = PBXBuildFile; fileRef = E5224C4A2C8AB9CE00E205FD /* Assets.xcassets */; };
		E5224C4E2C8AB9CE00E205FD /* LaunchScreen.storyboard in Resources */ = {isa = PBXBuildFile; fileRef = E5224C4C2C8AB9CE00E205FD /* LaunchScreen.storyboard */; };
		E5224C592C8AB9CE00E205FD /* KquotesTests.swift in Sources */ = {isa = PBXBuildFile; fileRef = E5224C582C8AB9CE00E205FD /* KquotesTests.swift */; };
		E5224C632C8AB9CE00E205FD /* KquotesUITests.swift in Sources */ = {isa = PBXBuildFile; fileRef = E5224C622C8AB9CE00E205FD /* KquotesUITests.swift */; };
		E5224C652C8AB9CE00E205FD /* KquotesUITestsLaunchTests.swift in Sources */ = {isa = PBXBuildFile; fileRef = E5224C642C8AB9CE00E205FD /* KquotesUITestsLaunchTests.swift */; };
		E5224C792C8AEE7100E205FD /* HomeViewController.swift in Sources */ = {isa = PBXBuildFile; fileRef = E5224C772C8AEE7100E205FD /* HomeViewController.swift */; };
		E5224C7A2C8AEE7100E205FD /* HomeViewController.xib in Resources */ = {isa = PBXBuildFile; fileRef = E5224C782C8AEE7100E205FD /* HomeViewController.xib */; };
		E5224C7E2C8B101600E205FD /* SettingViewController.swift in Sources */ = {isa = PBXBuildFile; fileRef = E5224C7C2C8B101600E205FD /* SettingViewController.swift */; };
		E5224C7F2C8B101600E205FD /* SettingViewController.xib in Resources */ = {isa = PBXBuildFile; fileRef = E5224C7D2C8B101600E205FD /* SettingViewController.xib */; };
		E564CF992C8ED4D000E48AE1 /* BaseCoordinator.swift in Sources */ = {isa = PBXBuildFile; fileRef = E564CF982C8ED4D000E48AE1 /* BaseCoordinator.swift */; };
		E564CFA02C8EDC3700E48AE1 /* HomeViewCoordinator.swift in Sources */ = {isa = PBXBuildFile; fileRef = E564CF9F2C8EDC3700E48AE1 /* HomeViewCoordinator.swift */; };
		E564CFA32C8EDDB900E48AE1 /* BaseViewController.swift in Sources */ = {isa = PBXBuildFile; fileRef = E564CFA22C8EDDB900E48AE1 /* BaseViewController.swift */; };
		E564CFA52C8EDEB600E48AE1 /* BaseViewModel.swift in Sources */ = {isa = PBXBuildFile; fileRef = E564CFA42C8EDEB600E48AE1 /* BaseViewModel.swift */; };
		E564CFA72C8EE13200E48AE1 /* HomeViewModel.swift in Sources */ = {isa = PBXBuildFile; fileRef = E564CFA62C8EE13200E48AE1 /* HomeViewModel.swift */; };
		E564CFA92C8EE61F00E48AE1 /* SettingViewCoordinator.swift in Sources */ = {isa = PBXBuildFile; fileRef = E564CFA82C8EE61F00E48AE1 /* SettingViewCoordinator.swift */; };
		E564CFAB2C8EE67300E48AE1 /* SettingViewModel.swift in Sources */ = {isa = PBXBuildFile; fileRef = E564CFAA2C8EE67300E48AE1 /* SettingViewModel.swift */; };
		E564CFAF2C8EE72D00E48AE1 /* UIViewControler+Extension.swift in Sources */ = {isa = PBXBuildFile; fileRef = E564CFAE2C8EE72D00E48AE1 /* UIViewControler+Extension.swift */; };
		E564CFB72C8EF2DE00E48AE1 /* UseCase.swift in Sources */ = {isa = PBXBuildFile; fileRef = E564CFB62C8EF2DE00E48AE1 /* UseCase.swift */; };
		E564CFBC2C8EF36400E48AE1 /* Quote.swift in Sources */ = {isa = PBXBuildFile; fileRef = E564CFBB2C8EF36400E48AE1 /* Quote.swift */; };
		E564CFBE2C8F017800E48AE1 /* Key.plist in Resources */ = {isa = PBXBuildFile; fileRef = E564CFBD2C8F017800E48AE1 /* Key.plist */; };
		E564CFC02C8F035200E48AE1 /* AppConfiguration.swift in Sources */ = {isa = PBXBuildFile; fileRef = E564CFBF2C8F035200E48AE1 /* AppConfiguration.swift */; };
		E564CFC22C8F048500E48AE1 /* QuoteRepository.swift in Sources */ = {isa = PBXBuildFile; fileRef = E564CFC12C8F048500E48AE1 /* QuoteRepository.swift */; };
		E564CFC82C8FDCB500E48AE1 /* ConnectionError.swift in Sources */ = {isa = PBXBuildFile; fileRef = E564CFC52C8FDCB500E48AE1 /* ConnectionError.swift */; };
		E564CFC92C8FDCB500E48AE1 /* DispatchQueueType.swift in Sources */ = {isa = PBXBuildFile; fileRef = E564CFC62C8FDCB500E48AE1 /* DispatchQueueType.swift */; };
		E564CFCA2C8FDCB500E48AE1 /* Cancellable.swift in Sources */ = {isa = PBXBuildFile; fileRef = E564CFC72C8FDCB500E48AE1 /* Cancellable.swift */; };
		E564CFCC2C8FDD5100E48AE1 /* QuoteRepositoryImpl.swift in Sources */ = {isa = PBXBuildFile; fileRef = E564CFCB2C8FDD5100E48AE1 /* QuoteRepositoryImpl.swift */; };
		E564CFD52C8FDF9600E48AE1 /* DataTransferService.swift in Sources */ = {isa = PBXBuildFile; fileRef = E564CFD12C8FDF9600E48AE1 /* DataTransferService.swift */; };
		E564CFD62C8FDF9600E48AE1 /* Endpoint.swift in Sources */ = {isa = PBXBuildFile; fileRef = E564CFD22C8FDF9600E48AE1 /* Endpoint.swift */; };
		E564CFD72C8FDF9600E48AE1 /* NetworkService.swift in Sources */ = {isa = PBXBuildFile; fileRef = E564CFD32C8FDF9600E48AE1 /* NetworkService.swift */; };
		E564CFD82C8FDF9600E48AE1 /* NetworkConfig.swift in Sources */ = {isa = PBXBuildFile; fileRef = E564CFD42C8FDF9600E48AE1 /* NetworkConfig.swift */; };
		E564CFDB2C8FF79600E48AE1 /* RepositoryTask.swift in Sources */ = {isa = PBXBuildFile; fileRef = E564CFDA2C8FF79600E48AE1 /* RepositoryTask.swift */; };
		E564CFDD2C8FF7E600E48AE1 /* APIEndpoints.swift in Sources */ = {isa = PBXBuildFile; fileRef = E564CFDC2C8FF7E600E48AE1 /* APIEndpoints.swift */; };
		E564CFE02C8FF83600E48AE1 /* QuoteRequestDTO+Mapping.swift in Sources */ = {isa = PBXBuildFile; fileRef = E564CFDF2C8FF83600E48AE1 /* QuoteRequestDTO+Mapping.swift */; };
		E564CFE22C8FF84400E48AE1 /* QuoteResponseDTO+Mapping.swift in Sources */ = {isa = PBXBuildFile; fileRef = E564CFE12C8FF84400E48AE1 /* QuoteResponseDTO+Mapping.swift */; };
		E564CFE42C8FFA7900E48AE1 /* QuoteQuery.swift in Sources */ = {isa = PBXBuildFile; fileRef = E564CFE32C8FFA7900E48AE1 /* QuoteQuery.swift */; };
		E564CFE62C8FFF8600E48AE1 /* FetchRandomQuoteUseCase.swift in Sources */ = {isa = PBXBuildFile; fileRef = E564CFE52C8FFF8600E48AE1 /* FetchRandomQuoteUseCase.swift */; };
		E564CFE82C9007C200E48AE1 /* AppDIContainer.swift in Sources */ = {isa = PBXBuildFile; fileRef = E564CFE72C9007C200E48AE1 /* AppDIContainer.swift */; };
		E564CFEB2C917F8800E48AE1 /* CoreDataStorage.swift in Sources */ = {isa = PBXBuildFile; fileRef = E564CFEA2C917F8800E48AE1 /* CoreDataStorage.swift */; };
		E564CFEE2C917FC700E48AE1 /* CoreDataStorage.xcdatamodeld in Sources */ = {isa = PBXBuildFile; fileRef = E564CFEC2C917FC700E48AE1 /* CoreDataStorage.xcdatamodeld */; };
		E564CFF22C9180F600E48AE1 /* FavoriteQuotesStorage.swift in Sources */ = {isa = PBXBuildFile; fileRef = E564CFF12C9180F600E48AE1 /* FavoriteQuotesStorage.swift */; };
		E564CFF42C9181AF00E48AE1 /* FavoriteQuotesStorageImpl.swift in Sources */ = {isa = PBXBuildFile; fileRef = E564CFF32C9181AF00E48AE1 /* FavoriteQuotesStorageImpl.swift */; };
		E564CFF72C9183A100E48AE1 /* QuoteEntity+Mapping.swift in Sources */ = {isa = PBXBuildFile; fileRef = E564CFF62C9183A100E48AE1 /* QuoteEntity+Mapping.swift */; };
		E564CFF92C91963A00E48AE1 /* SaveFavoriteQuoteUseCase.swift in Sources */ = {isa = PBXBuildFile; fileRef = E564CFF82C91963A00E48AE1 /* SaveFavoriteQuoteUseCase.swift */; };
		E564CFFC2C9198AB00E48AE1 /* HomeViewDIContainer.swift in Sources */ = {isa = PBXBuildFile; fileRef = E564CFFB2C9198AB00E48AE1 /* HomeViewDIContainer.swift */; };
		E564CFFE2C91997000E48AE1 /* FetchFavoriteQuotesUseCase.swift in Sources */ = {isa = PBXBuildFile; fileRef = E564CFFD2C91997000E48AE1 /* FetchFavoriteQuotesUseCase.swift */; };
		E564D0002C9289FB00E48AE1 /* DeleteFavoriteQuoteUseCase.swift in Sources */ = {isa = PBXBuildFile; fileRef = E564CFFF2C9289FB00E48AE1 /* DeleteFavoriteQuoteUseCase.swift */; };
		E564D0072C92D7DC00E48AE1 /* FavoriteItemCell.xib in Resources */ = {isa = PBXBuildFile; fileRef = E564D0062C92D7DC00E48AE1 /* FavoriteItemCell.xib */; };
		E564D0092C92DBC100E48AE1 /* FavoriteItemCell.swift in Sources */ = {isa = PBXBuildFile; fileRef = E564D0082C92DBC100E48AE1 /* FavoriteItemCell.swift */; };
/* End PBXBuildFile section */

/* Begin PBXContainerItemProxy section */
		E5224C552C8AB9CE00E205FD /* PBXContainerItemProxy */ = {
			isa = PBXContainerItemProxy;
			containerPortal = E5224C362C8AB9CD00E205FD /* Project object */;
			proxyType = 1;
			remoteGlobalIDString = E5224C3D2C8AB9CD00E205FD;
			remoteInfo = Kquotes;
		};
		E5224C5F2C8AB9CE00E205FD /* PBXContainerItemProxy */ = {
			isa = PBXContainerItemProxy;
			containerPortal = E5224C362C8AB9CD00E205FD /* Project object */;
			proxyType = 1;
			remoteGlobalIDString = E5224C3D2C8AB9CD00E205FD;
			remoteInfo = Kquotes;
		};
/* End PBXContainerItemProxy section */

/* Begin PBXFileReference section */
		E5224C3E2C8AB9CD00E205FD /* Kquotes.app */ = {isa = PBXFileReference; explicitFileType = wrapper.application; includeInIndex = 0; path = Kquotes.app; sourceTree = BUILT_PRODUCTS_DIR; };
		E5224C412C8AB9CD00E205FD /* AppDelegate.swift */ = {isa = PBXFileReference; lastKnownFileType = sourcecode.swift; path = AppDelegate.swift; sourceTree = "<group>"; };
		E5224C4A2C8AB9CE00E205FD /* Assets.xcassets */ = {isa = PBXFileReference; lastKnownFileType = folder.assetcatalog; path = Assets.xcassets; sourceTree = "<group>"; };
		E5224C4D2C8AB9CE00E205FD /* Base */ = {isa = PBXFileReference; lastKnownFileType = file.storyboard; name = Base; path = Base.lproj/LaunchScreen.storyboard; sourceTree = "<group>"; };
		E5224C4F2C8AB9CE00E205FD /* Info.plist */ = {isa = PBXFileReference; lastKnownFileType = text.plist.xml; path = Info.plist; sourceTree = "<group>"; };
		E5224C542C8AB9CE00E205FD /* KquotesTests.xctest */ = {isa = PBXFileReference; explicitFileType = wrapper.cfbundle; includeInIndex = 0; path = KquotesTests.xctest; sourceTree = BUILT_PRODUCTS_DIR; };
		E5224C582C8AB9CE00E205FD /* KquotesTests.swift */ = {isa = PBXFileReference; lastKnownFileType = sourcecode.swift; path = KquotesTests.swift; sourceTree = "<group>"; };
		E5224C5E2C8AB9CE00E205FD /* KquotesUITests.xctest */ = {isa = PBXFileReference; explicitFileType = wrapper.cfbundle; includeInIndex = 0; path = KquotesUITests.xctest; sourceTree = BUILT_PRODUCTS_DIR; };
		E5224C622C8AB9CE00E205FD /* KquotesUITests.swift */ = {isa = PBXFileReference; lastKnownFileType = sourcecode.swift; path = KquotesUITests.swift; sourceTree = "<group>"; };
		E5224C642C8AB9CE00E205FD /* KquotesUITestsLaunchTests.swift */ = {isa = PBXFileReference; lastKnownFileType = sourcecode.swift; path = KquotesUITestsLaunchTests.swift; sourceTree = "<group>"; };
		E5224C772C8AEE7100E205FD /* HomeViewController.swift */ = {isa = PBXFileReference; lastKnownFileType = sourcecode.swift; path = HomeViewController.swift; sourceTree = "<group>"; };
		E5224C782C8AEE7100E205FD /* HomeViewController.xib */ = {isa = PBXFileReference; lastKnownFileType = file.xib; path = HomeViewController.xib; sourceTree = "<group>"; };
		E5224C7C2C8B101600E205FD /* SettingViewController.swift */ = {isa = PBXFileReference; lastKnownFileType = sourcecode.swift; path = SettingViewController.swift; sourceTree = "<group>"; };
		E5224C7D2C8B101600E205FD /* SettingViewController.xib */ = {isa = PBXFileReference; lastKnownFileType = file.xib; path = SettingViewController.xib; sourceTree = "<group>"; };
		E564CF982C8ED4D000E48AE1 /* BaseCoordinator.swift */ = {isa = PBXFileReference; lastKnownFileType = sourcecode.swift; path = BaseCoordinator.swift; sourceTree = "<group>"; };
		E564CF9F2C8EDC3700E48AE1 /* HomeViewCoordinator.swift */ = {isa = PBXFileReference; lastKnownFileType = sourcecode.swift; path = HomeViewCoordinator.swift; sourceTree = "<group>"; };
		E564CFA22C8EDDB900E48AE1 /* BaseViewController.swift */ = {isa = PBXFileReference; lastKnownFileType = sourcecode.swift; path = BaseViewController.swift; sourceTree = "<group>"; };
		E564CFA42C8EDEB600E48AE1 /* BaseViewModel.swift */ = {isa = PBXFileReference; lastKnownFileType = sourcecode.swift; path = BaseViewModel.swift; sourceTree = "<group>"; };
		E564CFA62C8EE13200E48AE1 /* HomeViewModel.swift */ = {isa = PBXFileReference; lastKnownFileType = sourcecode.swift; path = HomeViewModel.swift; sourceTree = "<group>"; };
		E564CFA82C8EE61F00E48AE1 /* SettingViewCoordinator.swift */ = {isa = PBXFileReference; lastKnownFileType = sourcecode.swift; path = SettingViewCoordinator.swift; sourceTree = "<group>"; };
		E564CFAA2C8EE67300E48AE1 /* SettingViewModel.swift */ = {isa = PBXFileReference; lastKnownFileType = sourcecode.swift; path = SettingViewModel.swift; sourceTree = "<group>"; };
		E564CFAE2C8EE72D00E48AE1 /* UIViewControler+Extension.swift */ = {isa = PBXFileReference; lastKnownFileType = sourcecode.swift; path = "UIViewControler+Extension.swift"; sourceTree = "<group>"; };
		E564CFB62C8EF2DE00E48AE1 /* UseCase.swift */ = {isa = PBXFileReference; lastKnownFileType = sourcecode.swift; path = UseCase.swift; sourceTree = "<group>"; };
		E564CFBB2C8EF36400E48AE1 /* Quote.swift */ = {isa = PBXFileReference; lastKnownFileType = sourcecode.swift; path = Quote.swift; sourceTree = "<group>"; };
		E564CFBD2C8F017800E48AE1 /* Key.plist */ = {isa = PBXFileReference; lastKnownFileType = text.plist.xml; path = Key.plist; sourceTree = "<group>"; };
		E564CFBF2C8F035200E48AE1 /* AppConfiguration.swift */ = {isa = PBXFileReference; lastKnownFileType = sourcecode.swift; path = AppConfiguration.swift; sourceTree = "<group>"; };
		E564CFC12C8F048500E48AE1 /* QuoteRepository.swift */ = {isa = PBXFileReference; lastKnownFileType = sourcecode.swift; path = QuoteRepository.swift; sourceTree = "<group>"; };
		E564CFC52C8FDCB500E48AE1 /* ConnectionError.swift */ = {isa = PBXFileReference; fileEncoding = 4; lastKnownFileType = sourcecode.swift; path = ConnectionError.swift; sourceTree = "<group>"; };
		E564CFC62C8FDCB500E48AE1 /* DispatchQueueType.swift */ = {isa = PBXFileReference; fileEncoding = 4; lastKnownFileType = sourcecode.swift; path = DispatchQueueType.swift; sourceTree = "<group>"; };
		E564CFC72C8FDCB500E48AE1 /* Cancellable.swift */ = {isa = PBXFileReference; fileEncoding = 4; lastKnownFileType = sourcecode.swift; path = Cancellable.swift; sourceTree = "<group>"; };
		E564CFCB2C8FDD5100E48AE1 /* QuoteRepositoryImpl.swift */ = {isa = PBXFileReference; lastKnownFileType = sourcecode.swift; path = QuoteRepositoryImpl.swift; sourceTree = "<group>"; };
		E564CFD12C8FDF9600E48AE1 /* DataTransferService.swift */ = {isa = PBXFileReference; fileEncoding = 4; lastKnownFileType = sourcecode.swift; path = DataTransferService.swift; sourceTree = "<group>"; };
		E564CFD22C8FDF9600E48AE1 /* Endpoint.swift */ = {isa = PBXFileReference; fileEncoding = 4; lastKnownFileType = sourcecode.swift; path = Endpoint.swift; sourceTree = "<group>"; };
		E564CFD32C8FDF9600E48AE1 /* NetworkService.swift */ = {isa = PBXFileReference; fileEncoding = 4; lastKnownFileType = sourcecode.swift; path = NetworkService.swift; sourceTree = "<group>"; };
		E564CFD42C8FDF9600E48AE1 /* NetworkConfig.swift */ = {isa = PBXFileReference; fileEncoding = 4; lastKnownFileType = sourcecode.swift; path = NetworkConfig.swift; sourceTree = "<group>"; };
		E564CFDA2C8FF79600E48AE1 /* RepositoryTask.swift */ = {isa = PBXFileReference; fileEncoding = 4; lastKnownFileType = sourcecode.swift; path = RepositoryTask.swift; sourceTree = "<group>"; };
		E564CFDC2C8FF7E600E48AE1 /* APIEndpoints.swift */ = {isa = PBXFileReference; lastKnownFileType = sourcecode.swift; path = APIEndpoints.swift; sourceTree = "<group>"; };
		E564CFDF2C8FF83600E48AE1 /* QuoteRequestDTO+Mapping.swift */ = {isa = PBXFileReference; lastKnownFileType = sourcecode.swift; path = "QuoteRequestDTO+Mapping.swift"; sourceTree = "<group>"; };
		E564CFE12C8FF84400E48AE1 /* QuoteResponseDTO+Mapping.swift */ = {isa = PBXFileReference; lastKnownFileType = sourcecode.swift; path = "QuoteResponseDTO+Mapping.swift"; sourceTree = "<group>"; };
		E564CFE32C8FFA7900E48AE1 /* QuoteQuery.swift */ = {isa = PBXFileReference; lastKnownFileType = sourcecode.swift; path = QuoteQuery.swift; sourceTree = "<group>"; };
		E564CFE52C8FFF8600E48AE1 /* FetchRandomQuoteUseCase.swift */ = {isa = PBXFileReference; lastKnownFileType = sourcecode.swift; path = FetchRandomQuoteUseCase.swift; sourceTree = "<group>"; };
		E564CFE72C9007C200E48AE1 /* AppDIContainer.swift */ = {isa = PBXFileReference; lastKnownFileType = sourcecode.swift; path = AppDIContainer.swift; sourceTree = "<group>"; };
		E564CFEA2C917F8800E48AE1 /* CoreDataStorage.swift */ = {isa = PBXFileReference; lastKnownFileType = sourcecode.swift; path = CoreDataStorage.swift; sourceTree = "<group>"; };
		E564CFED2C917FC700E48AE1 /* CoreDataStorage.xcdatamodel */ = {isa = PBXFileReference; lastKnownFileType = wrapper.xcdatamodel; path = CoreDataStorage.xcdatamodel; sourceTree = "<group>"; };
		E564CFF12C9180F600E48AE1 /* FavoriteQuotesStorage.swift */ = {isa = PBXFileReference; lastKnownFileType = sourcecode.swift; path = FavoriteQuotesStorage.swift; sourceTree = "<group>"; };
		E564CFF32C9181AF00E48AE1 /* FavoriteQuotesStorageImpl.swift */ = {isa = PBXFileReference; lastKnownFileType = sourcecode.swift; path = FavoriteQuotesStorageImpl.swift; sourceTree = "<group>"; };
		E564CFF62C9183A100E48AE1 /* QuoteEntity+Mapping.swift */ = {isa = PBXFileReference; lastKnownFileType = sourcecode.swift; path = "QuoteEntity+Mapping.swift"; sourceTree = "<group>"; };
		E564CFF82C91963A00E48AE1 /* SaveFavoriteQuoteUseCase.swift */ = {isa = PBXFileReference; lastKnownFileType = sourcecode.swift; path = SaveFavoriteQuoteUseCase.swift; sourceTree = "<group>"; };
		E564CFFB2C9198AB00E48AE1 /* HomeViewDIContainer.swift */ = {isa = PBXFileReference; lastKnownFileType = sourcecode.swift; path = HomeViewDIContainer.swift; sourceTree = "<group>"; };
		E564CFFD2C91997000E48AE1 /* FetchFavoriteQuotesUseCase.swift */ = {isa = PBXFileReference; lastKnownFileType = sourcecode.swift; path = FetchFavoriteQuotesUseCase.swift; sourceTree = "<group>"; };
		E564CFFF2C9289FB00E48AE1 /* DeleteFavoriteQuoteUseCase.swift */ = {isa = PBXFileReference; lastKnownFileType = sourcecode.swift; path = DeleteFavoriteQuoteUseCase.swift; sourceTree = "<group>"; };
		E564D0062C92D7DC00E48AE1 /* FavoriteItemCell.xib */ = {isa = PBXFileReference; lastKnownFileType = file.xib; path = FavoriteItemCell.xib; sourceTree = "<group>"; };
		E564D0082C92DBC100E48AE1 /* FavoriteItemCell.swift */ = {isa = PBXFileReference; lastKnownFileType = sourcecode.swift; path = FavoriteItemCell.swift; sourceTree = "<group>"; };
/* End PBXFileReference section */

/* Begin PBXFrameworksBuildPhase section */
		E5224C3B2C8AB9CD00E205FD /* Frameworks */ = {
			isa = PBXFrameworksBuildPhase;
			buildActionMask = 2147483647;
			files = (
			);
			runOnlyForDeploymentPostprocessing = 0;
		};
		E5224C512C8AB9CE00E205FD /* Frameworks */ = {
			isa = PBXFrameworksBuildPhase;
			buildActionMask = 2147483647;
			files = (
			);
			runOnlyForDeploymentPostprocessing = 0;
		};
		E5224C5B2C8AB9CE00E205FD /* Frameworks */ = {
			isa = PBXFrameworksBuildPhase;
			buildActionMask = 2147483647;
			files = (
			);
			runOnlyForDeploymentPostprocessing = 0;
		};
/* End PBXFrameworksBuildPhase section */

/* Begin PBXGroup section */
		E5224C352C8AB9CD00E205FD = {
			isa = PBXGroup;
			children = (
				E5224C402C8AB9CD00E205FD /* Kquotes */,
				E5224C572C8AB9CE00E205FD /* KquotesTests */,
				E5224C612C8AB9CE00E205FD /* KquotesUITests */,
				E5224C3F2C8AB9CD00E205FD /* Products */,
			);
			sourceTree = "<group>";
		};
		E5224C3F2C8AB9CD00E205FD /* Products */ = {
			isa = PBXGroup;
			children = (
				E5224C3E2C8AB9CD00E205FD /* Kquotes.app */,
				E5224C542C8AB9CE00E205FD /* KquotesTests.xctest */,
				E5224C5E2C8AB9CE00E205FD /* KquotesUITests.xctest */,
			);
			name = Products;
			sourceTree = "<group>";
		};
		E5224C402C8AB9CD00E205FD /* Kquotes */ = {
			isa = PBXGroup;
			children = (
				E564CFA12C8EDD8C00E48AE1 /* Base */,
				E5224C752C8AEDFB00E205FD /* Application */,
				E5224C732C8AED5400E205FD /* Presentation */,
				E564CFB02C8EF21200E48AE1 /* Domain */,
				E564CFB12C8EF25F00E48AE1 /* Data */,
				E564CFCD2C8FDF4400E48AE1 /* Infratructure */,
				E564CFC42C8FDC3F00E48AE1 /* Common */,
				E5224C742C8AED5D00E205FD /* Resources */,
			);
			path = Kquotes;
			sourceTree = "<group>";
		};
		E5224C572C8AB9CE00E205FD /* KquotesTests */ = {
			isa = PBXGroup;
			children = (
				E5224C582C8AB9CE00E205FD /* KquotesTests.swift */,
			);
			path = KquotesTests;
			sourceTree = "<group>";
		};
		E5224C612C8AB9CE00E205FD /* KquotesUITests */ = {
			isa = PBXGroup;
			children = (
				E5224C622C8AB9CE00E205FD /* KquotesUITests.swift */,
				E5224C642C8AB9CE00E205FD /* KquotesUITestsLaunchTests.swift */,
			);
			path = KquotesUITests;
			sourceTree = "<group>";
		};
		E5224C732C8AED5400E205FD /* Presentation */ = {
			isa = PBXGroup;
			children = (
				E5224C7B2C8B100300E205FD /* SettingPage */,
				E5224C762C8AEE4500E205FD /* HomePage */,
				E564CFC32C8FDB9C00E48AE1 /* Utils */,
			);
			path = Presentation;
			sourceTree = "<group>";
		};
		E5224C742C8AED5D00E205FD /* Resources */ = {
			isa = PBXGroup;
			children = (
				E5224C4C2C8AB9CE00E205FD /* LaunchScreen.storyboard */,
				E5224C4A2C8AB9CE00E205FD /* Assets.xcassets */,
				E5224C4F2C8AB9CE00E205FD /* Info.plist */,
				E564CFBD2C8F017800E48AE1 /* Key.plist */,
			);
			path = Resources;
			sourceTree = "<group>";
		};
		E5224C752C8AEDFB00E205FD /* Application */ = {
			isa = PBXGroup;
			children = (
				E564CFFA2C91989500E48AE1 /* DIContainer */,
				E5224C412C8AB9CD00E205FD /* AppDelegate.swift */,
				E564CFBF2C8F035200E48AE1 /* AppConfiguration.swift */,
			);
			path = Application;
			sourceTree = "<group>";
		};
		E5224C762C8AEE4500E205FD /* HomePage */ = {
			isa = PBXGroup;
			children = (
				E564D0022C92CFAB00E48AE1 /* FavoriteListTableView */,
				E564D0012C92CF9600E48AE1 /* ViewModel */,
				E564CF9E2C8EDC2100E48AE1 /* Coordinator */,
				E5224C772C8AEE7100E205FD /* HomeViewController.swift */,
				E5224C782C8AEE7100E205FD /* HomeViewController.xib */,
			);
			path = HomePage;
			sourceTree = "<group>";
		};
		E5224C7B2C8B100300E205FD /* SettingPage */ = {
			isa = PBXGroup;
			children = (
				E564CF9D2C8EDC1600E48AE1 /* Coordinator */,
				E5224C7C2C8B101600E205FD /* SettingViewController.swift */,
				E5224C7D2C8B101600E205FD /* SettingViewController.xib */,
				E564CFAA2C8EE67300E48AE1 /* SettingViewModel.swift */,
			);
			path = SettingPage;
			sourceTree = "<group>";
		};
		E564CF9D2C8EDC1600E48AE1 /* Coordinator */ = {
			isa = PBXGroup;
			children = (
				E564CFA82C8EE61F00E48AE1 /* SettingViewCoordinator.swift */,
			);
			path = Coordinator;
			sourceTree = "<group>";
		};
		E564CF9E2C8EDC2100E48AE1 /* Coordinator */ = {
			isa = PBXGroup;
			children = (
				E564CF9F2C8EDC3700E48AE1 /* HomeViewCoordinator.swift */,
			);
			path = Coordinator;
			sourceTree = "<group>";
		};
		E564CFA12C8EDD8C00E48AE1 /* Base */ = {
			isa = PBXGroup;
			children = (
				E564CF982C8ED4D000E48AE1 /* BaseCoordinator.swift */,
				E564CFA22C8EDDB900E48AE1 /* BaseViewController.swift */,
				E564CFA42C8EDEB600E48AE1 /* BaseViewModel.swift */,
			);
			path = Base;
			sourceTree = "<group>";
		};
		E564CFAC2C8EE6F700E48AE1 /* Extension */ = {
			isa = PBXGroup;
			children = (
				E564CFAE2C8EE72D00E48AE1 /* UIViewControler+Extension.swift */,
			);
			path = Extension;
			sourceTree = "<group>";
		};
		E564CFB02C8EF21200E48AE1 /* Domain */ = {
			isa = PBXGroup;
			children = (
				E564CFB52C8EF2CE00E48AE1 /* Repositories */,
				E564CFB32C8EF28100E48AE1 /* UseCases */,
				E564CFB22C8EF27400E48AE1 /* Entities */,
			);
			path = Domain;
			sourceTree = "<group>";
		};
		E564CFB12C8EF25F00E48AE1 /* Data */ = {
			isa = PBXGroup;
			children = (
				E564CFBA2C8EF31F00E48AE1 /* Repositories */,
				E564CFE92C917F7300E48AE1 /* LocalStorage */,
				E564CFB82C8EF30500E48AE1 /* Network */,
			);
			path = Data;
			sourceTree = "<group>";
		};
		E564CFB22C8EF27400E48AE1 /* Entities */ = {
			isa = PBXGroup;
			children = (
				E564CFBB2C8EF36400E48AE1 /* Quote.swift */,
				E564CFE32C8FFA7900E48AE1 /* QuoteQuery.swift */,
			);
			path = Entities;
			sourceTree = "<group>";
		};
		E564CFB32C8EF28100E48AE1 /* UseCases */ = {
			isa = PBXGroup;
			children = (
				E564CFB42C8EF28900E48AE1 /* Protocol */,
				E564CFE52C8FFF8600E48AE1 /* FetchRandomQuoteUseCase.swift */,
				E564CFF82C91963A00E48AE1 /* SaveFavoriteQuoteUseCase.swift */,
				E564CFFD2C91997000E48AE1 /* FetchFavoriteQuotesUseCase.swift */,
				E564CFFF2C9289FB00E48AE1 /* DeleteFavoriteQuoteUseCase.swift */,
			);
			path = UseCases;
			sourceTree = "<group>";
		};
		E564CFB42C8EF28900E48AE1 /* Protocol */ = {
			isa = PBXGroup;
			children = (
				E564CFB62C8EF2DE00E48AE1 /* UseCase.swift */,
			);
			path = Protocol;
			sourceTree = "<group>";
		};
		E564CFB52C8EF2CE00E48AE1 /* Repositories */ = {
			isa = PBXGroup;
			children = (
				E564CFC12C8F048500E48AE1 /* QuoteRepository.swift */,
			);
			path = Repositories;
			sourceTree = "<group>";
		};
		E564CFB82C8EF30500E48AE1 /* Network */ = {
			isa = PBXGroup;
			children = (
				E564CFDE2C8FF81A00E48AE1 /* DataMapping */,
				E564CFDC2C8FF7E600E48AE1 /* APIEndpoints.swift */,
			);
			path = Network;
			sourceTree = "<group>";
		};
		E564CFBA2C8EF31F00E48AE1 /* Repositories */ = {
			isa = PBXGroup;
			children = (
				E564CFD92C8FF78600E48AE1 /* Utils */,
				E564CFCB2C8FDD5100E48AE1 /* QuoteRepositoryImpl.swift */,
			);
			path = Repositories;
			sourceTree = "<group>";
		};
		E564CFC32C8FDB9C00E48AE1 /* Utils */ = {
			isa = PBXGroup;
			children = (
				E564CFAC2C8EE6F700E48AE1 /* Extension */,
			);
			path = Utils;
			sourceTree = "<group>";
		};
		E564CFC42C8FDC3F00E48AE1 /* Common */ = {
			isa = PBXGroup;
			children = (
				E564CFC72C8FDCB500E48AE1 /* Cancellable.swift */,
				E564CFC52C8FDCB500E48AE1 /* ConnectionError.swift */,
				E564CFC62C8FDCB500E48AE1 /* DispatchQueueType.swift */,
			);
			path = Common;
			sourceTree = "<group>";
		};
		E564CFCD2C8FDF4400E48AE1 /* Infratructure */ = {
			isa = PBXGroup;
			children = (
				E564CFD02C8FDF8800E48AE1 /* Network */,
			);
			path = Infratructure;
			sourceTree = "<group>";
		};
		E564CFD02C8FDF8800E48AE1 /* Network */ = {
			isa = PBXGroup;
			children = (
				E564CFD12C8FDF9600E48AE1 /* DataTransferService.swift */,
				E564CFD22C8FDF9600E48AE1 /* Endpoint.swift */,
				E564CFD42C8FDF9600E48AE1 /* NetworkConfig.swift */,
				E564CFD32C8FDF9600E48AE1 /* NetworkService.swift */,
			);
			path = Network;
			sourceTree = "<group>";
		};
		E564CFD92C8FF78600E48AE1 /* Utils */ = {
			isa = PBXGroup;
			children = (
				E564CFDA2C8FF79600E48AE1 /* RepositoryTask.swift */,
			);
			path = Utils;
			sourceTree = "<group>";
		};
		E564CFDE2C8FF81A00E48AE1 /* DataMapping */ = {
			isa = PBXGroup;
			children = (
				E564CFDF2C8FF83600E48AE1 /* QuoteRequestDTO+Mapping.swift */,
				E564CFE12C8FF84400E48AE1 /* QuoteResponseDTO+Mapping.swift */,
			);
			path = DataMapping;
			sourceTree = "<group>";
		};
		E564CFE92C917F7300E48AE1 /* LocalStorage */ = {
			isa = PBXGroup;
			children = (
				E564CFF02C9180A300E48AE1 /* FavoriteQuotesStorage */,
				E564CFEF2C91807300E48AE1 /* CoreDataStorage */,
			);
			path = LocalStorage;
			sourceTree = "<group>";
		};
		E564CFEF2C91807300E48AE1 /* CoreDataStorage */ = {
			isa = PBXGroup;
			children = (
				E564CFEA2C917F8800E48AE1 /* CoreDataStorage.swift */,
				E564CFEC2C917FC700E48AE1 /* CoreDataStorage.xcdatamodeld */,
			);
			path = CoreDataStorage;
			sourceTree = "<group>";
		};
		E564CFF02C9180A300E48AE1 /* FavoriteQuotesStorage */ = {
			isa = PBXGroup;
			children = (
				E564CFF12C9180F600E48AE1 /* FavoriteQuotesStorage.swift */,
				E564CFF32C9181AF00E48AE1 /* FavoriteQuotesStorageImpl.swift */,
				E564CFF52C91837A00E48AE1 /* EntityMapping */,
			);
			path = FavoriteQuotesStorage;
			sourceTree = "<group>";
		};
		E564CFF52C91837A00E48AE1 /* EntityMapping */ = {
			isa = PBXGroup;
			children = (
				E564CFF62C9183A100E48AE1 /* QuoteEntity+Mapping.swift */,
			);
			path = EntityMapping;
			sourceTree = "<group>";
		};
		E564CFFA2C91989500E48AE1 /* DIContainer */ = {
			isa = PBXGroup;
			children = (
				E564CFE72C9007C200E48AE1 /* AppDIContainer.swift */,
				E564CFFB2C9198AB00E48AE1 /* HomeViewDIContainer.swift */,
			);
			path = DIContainer;
			sourceTree = "<group>";
		};
		E564D0012C92CF9600E48AE1 /* ViewModel */ = {
			isa = PBXGroup;
			children = (
				E564CFA62C8EE13200E48AE1 /* HomeViewModel.swift */,
			);
			path = ViewModel;
			sourceTree = "<group>";
		};
		E564D0022C92CFAB00E48AE1 /* FavoriteListTableView */ = {
			isa = PBXGroup;
			children = (
				E564D0052C92D79800E48AE1 /* Cells */,
			);
			path = FavoriteListTableView;
			sourceTree = "<group>";
		};
		E564D0052C92D79800E48AE1 /* Cells */ = {
			isa = PBXGroup;
			children = (
				E564D0062C92D7DC00E48AE1 /* FavoriteItemCell.xib */,
				E564D0082C92DBC100E48AE1 /* FavoriteItemCell.swift */,
			);
			path = Cells;
			sourceTree = "<group>";
		};
/* End PBXGroup section */

/* Begin PBXNativeTarget section */
		E5224C3D2C8AB9CD00E205FD /* Kquotes */ = {
			isa = PBXNativeTarget;
			buildConfigurationList = E5224C682C8AB9CE00E205FD /* Build configuration list for PBXNativeTarget "Kquotes" */;
			buildPhases = (
				E5224C3A2C8AB9CD00E205FD /* Sources */,
				E5224C3B2C8AB9CD00E205FD /* Frameworks */,
				E5224C3C2C8AB9CD00E205FD /* Resources */,
			);
			buildRules = (
			);
			dependencies = (
			);
			name = Kquotes;
			productName = Kquotes;
			productReference = E5224C3E2C8AB9CD00E205FD /* Kquotes.app */;
			productType = "com.apple.product-type.application";
		};
		E5224C532C8AB9CE00E205FD /* KquotesTests */ = {
			isa = PBXNativeTarget;
			buildConfigurationList = E5224C6B2C8AB9CE00E205FD /* Build configuration list for PBXNativeTarget "KquotesTests" */;
			buildPhases = (
				E5224C502C8AB9CE00E205FD /* Sources */,
				E5224C512C8AB9CE00E205FD /* Frameworks */,
				E5224C522C8AB9CE00E205FD /* Resources */,
			);
			buildRules = (
			);
			dependencies = (
				E5224C562C8AB9CE00E205FD /* PBXTargetDependency */,
			);
			name = KquotesTests;
			productName = KquotesTests;
			productReference = E5224C542C8AB9CE00E205FD /* KquotesTests.xctest */;
			productType = "com.apple.product-type.bundle.unit-test";
		};
		E5224C5D2C8AB9CE00E205FD /* KquotesUITests */ = {
			isa = PBXNativeTarget;
			buildConfigurationList = E5224C6E2C8AB9CE00E205FD /* Build configuration list for PBXNativeTarget "KquotesUITests" */;
			buildPhases = (
				E5224C5A2C8AB9CE00E205FD /* Sources */,
				E5224C5B2C8AB9CE00E205FD /* Frameworks */,
				E5224C5C2C8AB9CE00E205FD /* Resources */,
			);
			buildRules = (
			);
			dependencies = (
				E5224C602C8AB9CE00E205FD /* PBXTargetDependency */,
			);
			name = KquotesUITests;
			productName = KquotesUITests;
			productReference = E5224C5E2C8AB9CE00E205FD /* KquotesUITests.xctest */;
			productType = "com.apple.product-type.bundle.ui-testing";
		};
/* End PBXNativeTarget section */

/* Begin PBXProject section */
		E5224C362C8AB9CD00E205FD /* Project object */ = {
			isa = PBXProject;
			attributes = {
				BuildIndependentTargetsInParallel = 1;
				LastSwiftUpdateCheck = 1520;
				LastUpgradeCheck = 1520;
				TargetAttributes = {
					E5224C3D2C8AB9CD00E205FD = {
						CreatedOnToolsVersion = 15.2;
					};
					E5224C532C8AB9CE00E205FD = {
						CreatedOnToolsVersion = 15.2;
						TestTargetID = E5224C3D2C8AB9CD00E205FD;
					};
					E5224C5D2C8AB9CE00E205FD = {
						CreatedOnToolsVersion = 15.2;
						TestTargetID = E5224C3D2C8AB9CD00E205FD;
					};
				};
			};
			buildConfigurationList = E5224C392C8AB9CD00E205FD /* Build configuration list for PBXProject "Kquotes" */;
			compatibilityVersion = "Xcode 14.0";
			developmentRegion = en;
			hasScannedForEncodings = 0;
			knownRegions = (
				en,
				Base,
			);
			mainGroup = E5224C352C8AB9CD00E205FD;
			productRefGroup = E5224C3F2C8AB9CD00E205FD /* Products */;
			projectDirPath = "";
			projectRoot = "";
			targets = (
				E5224C3D2C8AB9CD00E205FD /* Kquotes */,
				E5224C532C8AB9CE00E205FD /* KquotesTests */,
				E5224C5D2C8AB9CE00E205FD /* KquotesUITests */,
			);
		};
/* End PBXProject section */

/* Begin PBXResourcesBuildPhase section */
		E5224C3C2C8AB9CD00E205FD /* Resources */ = {
			isa = PBXResourcesBuildPhase;
			buildActionMask = 2147483647;
			files = (
				E564D0072C92D7DC00E48AE1 /* FavoriteItemCell.xib in Resources */,
				E5224C4E2C8AB9CE00E205FD /* LaunchScreen.storyboard in Resources */,
				E564CFBE2C8F017800E48AE1 /* Key.plist in Resources */,
				E5224C4B2C8AB9CE00E205FD /* Assets.xcassets in Resources */,
				E5224C7A2C8AEE7100E205FD /* HomeViewController.xib in Resources */,
				E5224C7F2C8B101600E205FD /* SettingViewController.xib in Resources */,
			);
			runOnlyForDeploymentPostprocessing = 0;
		};
		E5224C522C8AB9CE00E205FD /* Resources */ = {
			isa = PBXResourcesBuildPhase;
			buildActionMask = 2147483647;
			files = (
			);
			runOnlyForDeploymentPostprocessing = 0;
		};
		E5224C5C2C8AB9CE00E205FD /* Resources */ = {
			isa = PBXResourcesBuildPhase;
			buildActionMask = 2147483647;
			files = (
			);
			runOnlyForDeploymentPostprocessing = 0;
		};
/* End PBXResourcesBuildPhase section */

/* Begin PBXSourcesBuildPhase section */
		E5224C3A2C8AB9CD00E205FD /* Sources */ = {
			isa = PBXSourcesBuildPhase;
			buildActionMask = 2147483647;
			files = (
				E564CFF22C9180F600E48AE1 /* FavoriteQuotesStorage.swift in Sources */,
				E564CFD72C8FDF9600E48AE1 /* NetworkService.swift in Sources */,
				E564CFE22C8FF84400E48AE1 /* QuoteResponseDTO+Mapping.swift in Sources */,
				E564CFE82C9007C200E48AE1 /* AppDIContainer.swift in Sources */,
				E564CFCA2C8FDCB500E48AE1 /* Cancellable.swift in Sources */,
				E564CFDB2C8FF79600E48AE1 /* RepositoryTask.swift in Sources */,
				E564CFA02C8EDC3700E48AE1 /* HomeViewCoordinator.swift in Sources */,
				E564CFEB2C917F8800E48AE1 /* CoreDataStorage.swift in Sources */,
				E564D0092C92DBC100E48AE1 /* FavoriteItemCell.swift in Sources */,
				E564CFB72C8EF2DE00E48AE1 /* UseCase.swift in Sources */,
				E564CFD82C8FDF9600E48AE1 /* NetworkConfig.swift in Sources */,
				E564CFC22C8F048500E48AE1 /* QuoteRepository.swift in Sources */,
				E564CFD52C8FDF9600E48AE1 /* DataTransferService.swift in Sources */,
				E564CFC92C8FDCB500E48AE1 /* DispatchQueueType.swift in Sources */,
				E564CFFE2C91997000E48AE1 /* FetchFavoriteQuotesUseCase.swift in Sources */,
				E564CFEE2C917FC700E48AE1 /* CoreDataStorage.xcdatamodeld in Sources */,
				E564CFE62C8FFF8600E48AE1 /* FetchRandomQuoteUseCase.swift in Sources */,
				E5224C422C8AB9CD00E205FD /* AppDelegate.swift in Sources */,
				E564CFD62C8FDF9600E48AE1 /* Endpoint.swift in Sources */,
				E564CFA72C8EE13200E48AE1 /* HomeViewModel.swift in Sources */,
				E5224C792C8AEE7100E205FD /* HomeViewController.swift in Sources */,
				E564CFE02C8FF83600E48AE1 /* QuoteRequestDTO+Mapping.swift in Sources */,
				E564CFF42C9181AF00E48AE1 /* FavoriteQuotesStorageImpl.swift in Sources */,
				E564CFBC2C8EF36400E48AE1 /* Quote.swift in Sources */,
				E564CFAF2C8EE72D00E48AE1 /* UIViewControler+Extension.swift in Sources */,
				E564CFA52C8EDEB600E48AE1 /* BaseViewModel.swift in Sources */,
				E564CFAB2C8EE67300E48AE1 /* SettingViewModel.swift in Sources */,
				E564CFC82C8FDCB500E48AE1 /* ConnectionError.swift in Sources */,
				E5224C7E2C8B101600E205FD /* SettingViewController.swift in Sources */,
				E564CFF92C91963A00E48AE1 /* SaveFavoriteQuoteUseCase.swift in Sources */,
				E564CFDD2C8FF7E600E48AE1 /* APIEndpoints.swift in Sources */,
				E564D0002C9289FB00E48AE1 /* DeleteFavoriteQuoteUseCase.swift in Sources */,
				E564CF992C8ED4D000E48AE1 /* BaseCoordinator.swift in Sources */,
				E564CFE42C8FFA7900E48AE1 /* QuoteQuery.swift in Sources */,
				E564CFFC2C9198AB00E48AE1 /* HomeViewDIContainer.swift in Sources */,
				E564CFA92C8EE61F00E48AE1 /* SettingViewCoordinator.swift in Sources */,
				E564CFF72C9183A100E48AE1 /* QuoteEntity+Mapping.swift in Sources */,
				E564CFCC2C8FDD5100E48AE1 /* QuoteRepositoryImpl.swift in Sources */,
				E564CFC02C8F035200E48AE1 /* AppConfiguration.swift in Sources */,
				E564CFA32C8EDDB900E48AE1 /* BaseViewController.swift in Sources */,
			);
			runOnlyForDeploymentPostprocessing = 0;
		};
		E5224C502C8AB9CE00E205FD /* Sources */ = {
			isa = PBXSourcesBuildPhase;
			buildActionMask = 2147483647;
			files = (
				E5224C592C8AB9CE00E205FD /* KquotesTests.swift in Sources */,
			);
			runOnlyForDeploymentPostprocessing = 0;
		};
		E5224C5A2C8AB9CE00E205FD /* Sources */ = {
			isa = PBXSourcesBuildPhase;
			buildActionMask = 2147483647;
			files = (
				E5224C632C8AB9CE00E205FD /* KquotesUITests.swift in Sources */,
				E5224C652C8AB9CE00E205FD /* KquotesUITestsLaunchTests.swift in Sources */,
			);
			runOnlyForDeploymentPostprocessing = 0;
		};
/* End PBXSourcesBuildPhase section */

/* Begin PBXTargetDependency section */
		E5224C562C8AB9CE00E205FD /* PBXTargetDependency */ = {
			isa = PBXTargetDependency;
			target = E5224C3D2C8AB9CD00E205FD /* Kquotes */;
			targetProxy = E5224C552C8AB9CE00E205FD /* PBXContainerItemProxy */;
		};
		E5224C602C8AB9CE00E205FD /* PBXTargetDependency */ = {
			isa = PBXTargetDependency;
			target = E5224C3D2C8AB9CD00E205FD /* Kquotes */;
			targetProxy = E5224C5F2C8AB9CE00E205FD /* PBXContainerItemProxy */;
		};
/* End PBXTargetDependency section */

/* Begin PBXVariantGroup section */
		E5224C4C2C8AB9CE00E205FD /* LaunchScreen.storyboard */ = {
			isa = PBXVariantGroup;
			children = (
				E5224C4D2C8AB9CE00E205FD /* Base */,
			);
			name = LaunchScreen.storyboard;
			sourceTree = "<group>";
		};
/* End PBXVariantGroup section */

/* Begin XCBuildConfiguration section */
		E5224C662C8AB9CE00E205FD /* Debug */ = {
			isa = XCBuildConfiguration;
			buildSettings = {
				ALWAYS_SEARCH_USER_PATHS = NO;
				ASSETCATALOG_COMPILER_GENERATE_SWIFT_ASSET_SYMBOL_EXTENSIONS = YES;
				CLANG_ANALYZER_NONNULL = YES;
				CLANG_ANALYZER_NUMBER_OBJECT_CONVERSION = YES_AGGRESSIVE;
				CLANG_CXX_LANGUAGE_STANDARD = "gnu++20";
				CLANG_ENABLE_MODULES = YES;
				CLANG_ENABLE_OBJC_ARC = YES;
				CLANG_ENABLE_OBJC_WEAK = YES;
				CLANG_WARN_BLOCK_CAPTURE_AUTORELEASING = YES;
				CLANG_WARN_BOOL_CONVERSION = YES;
				CLANG_WARN_COMMA = YES;
				CLANG_WARN_CONSTANT_CONVERSION = YES;
				CLANG_WARN_DEPRECATED_OBJC_IMPLEMENTATIONS = YES;
				CLANG_WARN_DIRECT_OBJC_ISA_USAGE = YES_ERROR;
				CLANG_WARN_DOCUMENTATION_COMMENTS = YES;
				CLANG_WARN_EMPTY_BODY = YES;
				CLANG_WARN_ENUM_CONVERSION = YES;
				CLANG_WARN_INFINITE_RECURSION = YES;
				CLANG_WARN_INT_CONVERSION = YES;
				CLANG_WARN_NON_LITERAL_NULL_CONVERSION = YES;
				CLANG_WARN_OBJC_IMPLICIT_RETAIN_SELF = YES;
				CLANG_WARN_OBJC_LITERAL_CONVERSION = YES;
				CLANG_WARN_OBJC_ROOT_CLASS = YES_ERROR;
				CLANG_WARN_QUOTED_INCLUDE_IN_FRAMEWORK_HEADER = YES;
				CLANG_WARN_RANGE_LOOP_ANALYSIS = YES;
				CLANG_WARN_STRICT_PROTOTYPES = YES;
				CLANG_WARN_SUSPICIOUS_MOVE = YES;
				CLANG_WARN_UNGUARDED_AVAILABILITY = YES_AGGRESSIVE;
				CLANG_WARN_UNREACHABLE_CODE = YES;
				CLANG_WARN__DUPLICATE_METHOD_MATCH = YES;
				COPY_PHASE_STRIP = NO;
				DEBUG_INFORMATION_FORMAT = dwarf;
				ENABLE_STRICT_OBJC_MSGSEND = YES;
				ENABLE_TESTABILITY = YES;
				ENABLE_USER_SCRIPT_SANDBOXING = YES;
				GCC_C_LANGUAGE_STANDARD = gnu17;
				GCC_DYNAMIC_NO_PIC = NO;
				GCC_NO_COMMON_BLOCKS = YES;
				GCC_OPTIMIZATION_LEVEL = 0;
				GCC_PREPROCESSOR_DEFINITIONS = (
					"DEBUG=1",
					"$(inherited)",
				);
				GCC_WARN_64_TO_32_BIT_CONVERSION = YES;
				GCC_WARN_ABOUT_RETURN_TYPE = YES_ERROR;
				GCC_WARN_UNDECLARED_SELECTOR = YES;
				GCC_WARN_UNINITIALIZED_AUTOS = YES_AGGRESSIVE;
				GCC_WARN_UNUSED_FUNCTION = YES;
				GCC_WARN_UNUSED_VARIABLE = YES;
				IPHONEOS_DEPLOYMENT_TARGET = 17.2;
				LOCALIZATION_PREFERS_STRING_CATALOGS = YES;
				MTL_ENABLE_DEBUG_INFO = INCLUDE_SOURCE;
				MTL_FAST_MATH = YES;
				ONLY_ACTIVE_ARCH = YES;
				SDKROOT = iphoneos;
				SWIFT_ACTIVE_COMPILATION_CONDITIONS = "DEBUG $(inherited)";
				SWIFT_OPTIMIZATION_LEVEL = "-Onone";
			};
			name = Debug;
		};
		E5224C672C8AB9CE00E205FD /* Release */ = {
			isa = XCBuildConfiguration;
			buildSettings = {
				ALWAYS_SEARCH_USER_PATHS = NO;
				ASSETCATALOG_COMPILER_GENERATE_SWIFT_ASSET_SYMBOL_EXTENSIONS = YES;
				CLANG_ANALYZER_NONNULL = YES;
				CLANG_ANALYZER_NUMBER_OBJECT_CONVERSION = YES_AGGRESSIVE;
				CLANG_CXX_LANGUAGE_STANDARD = "gnu++20";
				CLANG_ENABLE_MODULES = YES;
				CLANG_ENABLE_OBJC_ARC = YES;
				CLANG_ENABLE_OBJC_WEAK = YES;
				CLANG_WARN_BLOCK_CAPTURE_AUTORELEASING = YES;
				CLANG_WARN_BOOL_CONVERSION = YES;
				CLANG_WARN_COMMA = YES;
				CLANG_WARN_CONSTANT_CONVERSION = YES;
				CLANG_WARN_DEPRECATED_OBJC_IMPLEMENTATIONS = YES;
				CLANG_WARN_DIRECT_OBJC_ISA_USAGE = YES_ERROR;
				CLANG_WARN_DOCUMENTATION_COMMENTS = YES;
				CLANG_WARN_EMPTY_BODY = YES;
				CLANG_WARN_ENUM_CONVERSION = YES;
				CLANG_WARN_INFINITE_RECURSION = YES;
				CLANG_WARN_INT_CONVERSION = YES;
				CLANG_WARN_NON_LITERAL_NULL_CONVERSION = YES;
				CLANG_WARN_OBJC_IMPLICIT_RETAIN_SELF = YES;
				CLANG_WARN_OBJC_LITERAL_CONVERSION = YES;
				CLANG_WARN_OBJC_ROOT_CLASS = YES_ERROR;
				CLANG_WARN_QUOTED_INCLUDE_IN_FRAMEWORK_HEADER = YES;
				CLANG_WARN_RANGE_LOOP_ANALYSIS = YES;
				CLANG_WARN_STRICT_PROTOTYPES = YES;
				CLANG_WARN_SUSPICIOUS_MOVE = YES;
				CLANG_WARN_UNGUARDED_AVAILABILITY = YES_AGGRESSIVE;
				CLANG_WARN_UNREACHABLE_CODE = YES;
				CLANG_WARN__DUPLICATE_METHOD_MATCH = YES;
				COPY_PHASE_STRIP = NO;
				DEBUG_INFORMATION_FORMAT = "dwarf-with-dsym";
				ENABLE_NS_ASSERTIONS = NO;
				ENABLE_STRICT_OBJC_MSGSEND = YES;
				ENABLE_USER_SCRIPT_SANDBOXING = YES;
				GCC_C_LANGUAGE_STANDARD = gnu17;
				GCC_NO_COMMON_BLOCKS = YES;
				GCC_WARN_64_TO_32_BIT_CONVERSION = YES;
				GCC_WARN_ABOUT_RETURN_TYPE = YES_ERROR;
				GCC_WARN_UNDECLARED_SELECTOR = YES;
				GCC_WARN_UNINITIALIZED_AUTOS = YES_AGGRESSIVE;
				GCC_WARN_UNUSED_FUNCTION = YES;
				GCC_WARN_UNUSED_VARIABLE = YES;
				IPHONEOS_DEPLOYMENT_TARGET = 17.2;
				LOCALIZATION_PREFERS_STRING_CATALOGS = YES;
				MTL_ENABLE_DEBUG_INFO = NO;
				MTL_FAST_MATH = YES;
				SDKROOT = iphoneos;
				SWIFT_COMPILATION_MODE = wholemodule;
				VALIDATE_PRODUCT = YES;
			};
			name = Release;
		};
		E5224C692C8AB9CE00E205FD /* Debug */ = {
			isa = XCBuildConfiguration;
			buildSettings = {
				ASSETCATALOG_COMPILER_APPICON_NAME = AppIcon;
				ASSETCATALOG_COMPILER_GLOBAL_ACCENT_COLOR_NAME = AccentColor;
				CODE_SIGN_STYLE = Automatic;
				CURRENT_PROJECT_VERSION = 1;
				DEVELOPMENT_TEAM = Z6U789J9HR;
				GENERATE_INFOPLIST_FILE = YES;
				INFOPLIST_FILE = Kquotes/Resources/Info.plist;
				INFOPLIST_KEY_UIApplicationSupportsIndirectInputEvents = YES;
				INFOPLIST_KEY_UILaunchStoryboardName = LaunchScreen.storyboard;
				INFOPLIST_KEY_UISupportedInterfaceOrientations_iPad = "UIInterfaceOrientationPortrait UIInterfaceOrientationPortraitUpsideDown UIInterfaceOrientationLandscapeLeft UIInterfaceOrientationLandscapeRight";
				INFOPLIST_KEY_UISupportedInterfaceOrientations_iPhone = "UIInterfaceOrientationPortrait UIInterfaceOrientationLandscapeLeft UIInterfaceOrientationLandscapeRight";
				LD_RUNPATH_SEARCH_PATHS = (
					"$(inherited)",
					"@executable_path/Frameworks",
				);
				MARKETING_VERSION = 1.0;
				PRODUCT_BUNDLE_IDENTIFIER = com.brandon.Kquotes;
				PRODUCT_NAME = "$(TARGET_NAME)";
				SWIFT_EMIT_LOC_STRINGS = YES;
				SWIFT_VERSION = 5.0;
				TARGETED_DEVICE_FAMILY = "1,2";
			};
			name = Debug;
		};
		E5224C6A2C8AB9CE00E205FD /* Release */ = {
			isa = XCBuildConfiguration;
			buildSettings = {
				ASSETCATALOG_COMPILER_APPICON_NAME = AppIcon;
				ASSETCATALOG_COMPILER_GLOBAL_ACCENT_COLOR_NAME = AccentColor;
				CODE_SIGN_STYLE = Automatic;
				CURRENT_PROJECT_VERSION = 1;
				DEVELOPMENT_TEAM = Z6U789J9HR;
				GENERATE_INFOPLIST_FILE = YES;
				INFOPLIST_FILE = Kquotes/Resources/Info.plist;
				INFOPLIST_KEY_UIApplicationSupportsIndirectInputEvents = YES;
				INFOPLIST_KEY_UILaunchStoryboardName = LaunchScreen.storyboard;
				INFOPLIST_KEY_UISupportedInterfaceOrientations_iPad = "UIInterfaceOrientationPortrait UIInterfaceOrientationPortraitUpsideDown UIInterfaceOrientationLandscapeLeft UIInterfaceOrientationLandscapeRight";
				INFOPLIST_KEY_UISupportedInterfaceOrientations_iPhone = "UIInterfaceOrientationPortrait UIInterfaceOrientationLandscapeLeft UIInterfaceOrientationLandscapeRight";
				LD_RUNPATH_SEARCH_PATHS = (
					"$(inherited)",
					"@executable_path/Frameworks",
				);
				MARKETING_VERSION = 1.0;
				PRODUCT_BUNDLE_IDENTIFIER = com.brandon.Kquotes;
				PRODUCT_NAME = "$(TARGET_NAME)";
				SWIFT_EMIT_LOC_STRINGS = YES;
				SWIFT_VERSION = 5.0;
				TARGETED_DEVICE_FAMILY = "1,2";
			};
			name = Release;
		};
		E5224C6C2C8AB9CE00E205FD /* Debug */ = {
			isa = XCBuildConfiguration;
			buildSettings = {
				ALWAYS_EMBED_SWIFT_STANDARD_LIBRARIES = YES;
				BUNDLE_LOADER = "$(TEST_HOST)";
				CODE_SIGN_STYLE = Automatic;
				CURRENT_PROJECT_VERSION = 1;
				DEVELOPMENT_TEAM = Z6U789J9HR;
				GENERATE_INFOPLIST_FILE = YES;
				IPHONEOS_DEPLOYMENT_TARGET = 17.2;
				MARKETING_VERSION = 1.0;
				PRODUCT_BUNDLE_IDENTIFIER = com.brandon.KquotesTests;
				PRODUCT_NAME = "$(TARGET_NAME)";
				SWIFT_EMIT_LOC_STRINGS = NO;
				SWIFT_VERSION = 5.0;
				TARGETED_DEVICE_FAMILY = "1,2";
				TEST_HOST = "$(BUILT_PRODUCTS_DIR)/Kquotes.app/$(BUNDLE_EXECUTABLE_FOLDER_PATH)/Kquotes";
			};
			name = Debug;
		};
		E5224C6D2C8AB9CE00E205FD /* Release */ = {
			isa = XCBuildConfiguration;
			buildSettings = {
				ALWAYS_EMBED_SWIFT_STANDARD_LIBRARIES = YES;
				BUNDLE_LOADER = "$(TEST_HOST)";
				CODE_SIGN_STYLE = Automatic;
				CURRENT_PROJECT_VERSION = 1;
				DEVELOPMENT_TEAM = Z6U789J9HR;
				GENERATE_INFOPLIST_FILE = YES;
				IPHONEOS_DEPLOYMENT_TARGET = 17.2;
				MARKETING_VERSION = 1.0;
				PRODUCT_BUNDLE_IDENTIFIER = com.brandon.KquotesTests;
				PRODUCT_NAME = "$(TARGET_NAME)";
				SWIFT_EMIT_LOC_STRINGS = NO;
				SWIFT_VERSION = 5.0;
				TARGETED_DEVICE_FAMILY = "1,2";
				TEST_HOST = "$(BUILT_PRODUCTS_DIR)/Kquotes.app/$(BUNDLE_EXECUTABLE_FOLDER_PATH)/Kquotes";
			};
			name = Release;
		};
		E5224C6F2C8AB9CE00E205FD /* Debug */ = {
			isa = XCBuildConfiguration;
			buildSettings = {
				ALWAYS_EMBED_SWIFT_STANDARD_LIBRARIES = YES;
				CODE_SIGN_STYLE = Automatic;
				CURRENT_PROJECT_VERSION = 1;
				DEVELOPMENT_TEAM = Z6U789J9HR;
				GENERATE_INFOPLIST_FILE = YES;
				MARKETING_VERSION = 1.0;
				PRODUCT_BUNDLE_IDENTIFIER = com.brandon.KquotesUITests;
				PRODUCT_NAME = "$(TARGET_NAME)";
				SWIFT_EMIT_LOC_STRINGS = NO;
				SWIFT_VERSION = 5.0;
				TARGETED_DEVICE_FAMILY = "1,2";
				TEST_TARGET_NAME = Kquotes;
			};
			name = Debug;
		};
		E5224C702C8AB9CE00E205FD /* Release */ = {
			isa = XCBuildConfiguration;
			buildSettings = {
				ALWAYS_EMBED_SWIFT_STANDARD_LIBRARIES = YES;
				CODE_SIGN_STYLE = Automatic;
				CURRENT_PROJECT_VERSION = 1;
				DEVELOPMENT_TEAM = Z6U789J9HR;
				GENERATE_INFOPLIST_FILE = YES;
				MARKETING_VERSION = 1.0;
				PRODUCT_BUNDLE_IDENTIFIER = com.brandon.KquotesUITests;
				PRODUCT_NAME = "$(TARGET_NAME)";
				SWIFT_EMIT_LOC_STRINGS = NO;
				SWIFT_VERSION = 5.0;
				TARGETED_DEVICE_FAMILY = "1,2";
				TEST_TARGET_NAME = Kquotes;
			};
			name = Release;
		};
/* End XCBuildConfiguration section */

/* Begin XCConfigurationList section */
		E5224C392C8AB9CD00E205FD /* Build configuration list for PBXProject "Kquotes" */ = {
			isa = XCConfigurationList;
			buildConfigurations = (
				E5224C662C8AB9CE00E205FD /* Debug */,
				E5224C672C8AB9CE00E205FD /* Release */,
			);
			defaultConfigurationIsVisible = 0;
			defaultConfigurationName = Release;
		};
		E5224C682C8AB9CE00E205FD /* Build configuration list for PBXNativeTarget "Kquotes" */ = {
			isa = XCConfigurationList;
			buildConfigurations = (
				E5224C692C8AB9CE00E205FD /* Debug */,
				E5224C6A2C8AB9CE00E205FD /* Release */,
			);
			defaultConfigurationIsVisible = 0;
			defaultConfigurationName = Release;
		};
		E5224C6B2C8AB9CE00E205FD /* Build configuration list for PBXNativeTarget "KquotesTests" */ = {
			isa = XCConfigurationList;
			buildConfigurations = (
				E5224C6C2C8AB9CE00E205FD /* Debug */,
				E5224C6D2C8AB9CE00E205FD /* Release */,
			);
			defaultConfigurationIsVisible = 0;
			defaultConfigurationName = Release;
		};
		E5224C6E2C8AB9CE00E205FD /* Build configuration list for PBXNativeTarget "KquotesUITests" */ = {
			isa = XCConfigurationList;
			buildConfigurations = (
				E5224C6F2C8AB9CE00E205FD /* Debug */,
				E5224C702C8AB9CE00E205FD /* Release */,
			);
			defaultConfigurationIsVisible = 0;
			defaultConfigurationName = Release;
		};
/* End XCConfigurationList section */

/* Begin XCVersionGroup section */
		E564CFEC2C917FC700E48AE1 /* CoreDataStorage.xcdatamodeld */ = {
			isa = XCVersionGroup;
			children = (
				E564CFED2C917FC700E48AE1 /* CoreDataStorage.xcdatamodel */,
			);
			currentVersion = E564CFED2C917FC700E48AE1 /* CoreDataStorage.xcdatamodel */;
			path = CoreDataStorage.xcdatamodeld;
			sourceTree = "<group>";
			versionGroupType = wrapper.xcdatamodel;
		};
/* End XCVersionGroup section */
	};
	rootObject = E5224C362C8AB9CD00E205FD /* Project object */;
}
